
Microsoft Visual Studio Solution File, Format Version 12.00
# Visual Studio Version 16
VisualStudioVersion = 16.0.31605.320
MinimumVisualStudioVersion = 10.0.40219.1
Project("{FAE04EC0-301F-11D3-BF4B-00C04F79EFBC}") = "BasicVoxelEngine", "BasicVoxelEngine\BasicVoxelEngine.csproj", "{2FCE1B93-8DB7-4844-9A28-96C7B1E70A17}"
EndProject
Project("{FAE04EC0-301F-11D3-BF4B-00C04F79EFBC}") = "BasicVoxelEngine.Content", "BasicVoxelEngine.Content\BasicVoxelEngine.Content.csproj", "{09AA96D4-84A6-425D-ADEE-E299962DDDE3}"
EndProject
Global
	GlobalSection(SolutionConfigurationPlatforms) = preSolution
		Debug|Any CPU = Debug|Any CPU
		Release|Any CPU = Release|Any CPU
	EndGlobalSection
	GlobalSection(ProjectConfigurationPlatforms) = postSolution
		{2FCE1B93-8DB7-4844-9A28-96C7B1E70A17}.Debug|Any CPU.ActiveCfg = Debug|Any CPU
		{2FCE1B93-8DB7-4844-9A28-96C7B1E70A17}.Debug|Any CPU.Build.0 = Debug|Any CPU
		{2FCE1B93-8DB7-4844-9A28-96C7B1E70A17}.Release|Any CPU.ActiveCfg = Release|Any CPU
		{2FCE1B93-8DB7-4844-9A28-96C7B1E70A17}.Release|Any CPU.Build.0 = Release|Any CPU
		{09AA96D4-84A6-425D-ADEE-E299962DDDE3}.Debug|Any CPU.ActiveCfg = Debug|Any CPU
		{09AA96D4-84A6-425D-ADEE-E299962DDDE3}.Debug|Any CPU.Build.0 = Debug|Any CPU
		{09AA96D4-84A6-425D-ADEE-E299962DDDE3}.Release|Any CPU.ActiveCfg = Release|Any CPU
		{09AA96D4-84A6-425D-ADEE-E299962DDDE3}.Release|Any CPU.Build.0 = Release|Any CPU
	EndGlobalSection
	GlobalSection(SolutionProperties) = preSolution
		HideSolutionNode = FALSE
	EndGlobalSection
	GlobalSection(ExtensibilityGlobals) = postSolution
		SolutionGuid = {F4496C5E-9E84-4402-96D5-805F66B2937C}
	EndGlobalSection
EndGlobal
